
Microsoft Visual Studio Solution File, Format Version 11.00
# Visual Studio 2010
Project("{FAE04EC0-301F-11D3-BF4B-00C04F79EFBC}") = "Assembly-CSharp", "Assembly-CSharp.csproj", "{4c190d2f-4989-2027-f19a-b22e42c8a1a7}"
EndProject
Project("{FAE04EC0-301F-11D3-BF4B-00C04F79EFBC}") = "Unity.Recorder.Samples.Editor", "Unity.Recorder.Samples.Editor.csproj", "{da3b182b-999a-aedf-bd26-e2e872b7d139}"
EndProject
Global
	GlobalSection(SolutionConfigurationPlatforms) = preSolution
		Debug|Any CPU = Debug|Any CPU
	EndGlobalSection
	GlobalSection(ProjectConfigurationPlatforms) = postSolution
		{4c190d2f-4989-2027-f19a-b22e42c8a1a7}.Debug|Any CPU.ActiveCfg = Debug|Any CPU
		{4c190d2f-4989-2027-f19a-b22e42c8a1a7}.Debug|Any CPU.Build.0 = Debug|Any CPU
		{da3b182b-999a-aedf-bd26-e2e872b7d139}.Debug|Any CPU.ActiveCfg = Debug|Any CPU
		{da3b182b-999a-aedf-bd26-e2e872b7d139}.Debug|Any CPU.Build.0 = Debug|Any CPU
	EndGlobalSection
	GlobalSection(SolutionProperties) = preSolution
		HideSolutionNode = FALSE
	EndGlobalSection
EndGlobal
